{
  "name": "promises",
  "version": "1.0.0",
  "lockfileVersion": 1,
  "requires": true,
  "dependencies": {
    "rfdc": {
      "version": "1.0.4",
      "resolved": "https://registry.npmjs.org/rfdc/-/rfdc-1.0.4.tgz",
      "integrity": "sha512-Vajtrw20S2TCeFW0fxsM950CHumYNKpKsaVRJhF1deiQMewnXFLNknUv2rkes+OaQUfa6WKkmGqVvnWg4Dgr/A=="
    }
  }
}
